
Microsoft Visual Studio Solution File, Format Version 12.00
# Visual Studio Version 17
VisualStudioVersion = 17.8.34004.107
MinimumVisualStudioVersion = 10.0.40219.1
Project("{2150E333-8FDC-42A3-9474-1A3956D46DE8}") = "Core", "Core", "{5536617D-9F78-416E-A7A7-02DC861D9A3D}"
EndProject
Project("{2150E333-8FDC-42A3-9474-1A3956D46DE8}") = "Tests", "Tests", "{CFD87C69-73EB-4F98-AE19-AF5B863A14FE}"
EndProject
Project("{9A19103F-16F7-4668-BE54-9A1E7A4F7556}") = "ReheeCmf.Libs", "Core\ReheeCmf.Libs\ReheeCmf.Libs.csproj", "{94C3236B-1A86-4D2D-9796-576D5E0E0ED7}"
EndProject
Project("{9A19103F-16F7-4668-BE54-9A1E7A4F7556}") = "ReheeCmf.Libs.Test", "Tests\ReheeCmf.Libs.Test\ReheeCmf.Libs.Test.csproj", "{CEB274B1-305C-47E4-8906-107C97F5182C}"
EndProject
Project("{2150E333-8FDC-42A3-9474-1A3956D46DE8}") = "Webs", "Webs", "{E98E34D9-4650-49CD-8D33-4C4C18C423E7}"
EndProject
Project("{9A19103F-16F7-4668-BE54-9A1E7A4F7556}") = "ReheeCmf.Servers", "Core\ReheeCmf.Servers\ReheeCmf.Servers.csproj", "{C5CB46F8-F8FC-4AC4-9B59-53F3AA09E8B3}"
EndProject
Project("{2150E333-8FDC-42A3-9474-1A3956D46DE8}") = "Modules", "Modules", "{AB5383BD-B1E6-40F0-AF19-A444CCBE769B}"
EndProject
Project("{9A19103F-16F7-4668-BE54-9A1E7A4F7556}") = "ReheeCmf.ApiModule", "Modules\ReheeCmf.ApiModule\ReheeCmf.ApiModule.csproj", "{1B2CABE3-B825-4F2A-A597-4B8A1E38CC89}"
EndProject
Project("{9A19103F-16F7-4668-BE54-9A1E7A4F7556}") = "CmfDemo", "Webs\CmfDemo\CmfDemo.csproj", "{5D185DD0-1FF6-4B45-A8BC-FDB8A5472D02}"
EndProject
Project("{9A19103F-16F7-4668-BE54-9A1E7A4F7556}") = "ReheeCmf.Modules", "Core\ReheeCmf.Modules\ReheeCmf.Modules.csproj", "{D824BB4C-F058-4B68-9FAB-54DE00745FC3}"
EndProject
Project("{9A19103F-16F7-4668-BE54-9A1E7A4F7556}") = "ReheeCmf.ContextModule", "Modules\ReheeCmf.ContextModule\ReheeCmf.ContextModule.csproj", "{E56A3A79-A3A4-4BC6-8CFD-267FAB72F527}"
EndProject
Project("{9A19103F-16F7-4668-BE54-9A1E7A4F7556}") = "ReheeCmf.Caches", "Core\ReheeCmf.Caches\ReheeCmf.Caches.csproj", "{CA9098E0-E053-4047-BC6C-BB54FE2F2F09}"
EndProject
Project("{2150E333-8FDC-42A3-9474-1A3956D46DE8}") = "Services", "Services", "{6185B8E9-C356-4602-9269-28AEBD61EB01}"
EndProject
Project("{2150E333-8FDC-42A3-9474-1A3956D46DE8}") = "Components", "Components", "{472F64CE-2248-4969-881C-ABA32CE870B9}"
EndProject
Project("{9A19103F-16F7-4668-BE54-9A1E7A4F7556}") = "ReheeCmf.ContextComponent", "Components\ReheeCmf.ContextComponent\ReheeCmf.ContextComponent.csproj", "{89973905-0C70-485F-8420-1C390E538C11}"
EndProject
Project("{9A19103F-16F7-4668-BE54-9A1E7A4F7556}") = "ReheeCmf.AuthenticationModule", "Modules\ReheeCmf.AuthenticationModule\ReheeCmf.AuthenticationModule.csproj", "{7986893C-E948-4CCF-B80E-E2AA4A5B425E}"
EndProject
Project("{2150E333-8FDC-42A3-9474-1A3956D46DE8}") = "Solution Items", "Solution Items", "{24C91343-5687-4DBA-8DCB-F07F22245E51}"
	ProjectSection(SolutionItems) = preProject
		.editorconfig = .editorconfig
	EndProjectSection
EndProject
Project("{9A19103F-16F7-4668-BE54-9A1E7A4F7556}") = "ReheeCmf.EntityModule", "Modules\ReheeCmf.EntityModule\ReheeCmf.EntityModule.csproj", "{8DBB944C-65F0-4735-B9E0-4617544ED4DE}"
EndProject
Project("{9A19103F-16F7-4668-BE54-9A1E7A4F7556}") = "ReheeCmf.ODatas", "Core\ReheeCmf.Odatas\ReheeCmf.ODatas.csproj", "{30C7D27B-CA00-485F-8ABD-F1B5B5AE50C4}"
EndProject
Project("{9A19103F-16F7-4668-BE54-9A1E7A4F7556}") = "ReheeCmf.UserManagementModule", "Modules\ReheeCmf.UserManagementModule\ReheeCmf.UserManagementModule.csproj", "{4B33C9C9-0F6F-4472-AEB9-58040EBA8AC3}"
EndProject
Project("{FAE04EC0-301F-11D3-BF4B-00C04F79EFBC}") = "ReheeCmf.FileModule", "Modules\ReheeCmf.FileModule\ReheeCmf.FileModule.csproj", "{93FDE38B-B577-40F3-95D1-7288A69A36A0}"
EndProject
Global
	GlobalSection(SolutionConfigurationPlatforms) = preSolution
		Debug|Any CPU = Debug|Any CPU
		Release|Any CPU = Release|Any CPU
	EndGlobalSection
	GlobalSection(ProjectConfigurationPlatforms) = postSolution
		{94C3236B-1A86-4D2D-9796-576D5E0E0ED7}.Debug|Any CPU.ActiveCfg = Debug|Any CPU
		{94C3236B-1A86-4D2D-9796-576D5E0E0ED7}.Debug|Any CPU.Build.0 = Debug|Any CPU
		{94C3236B-1A86-4D2D-9796-576D5E0E0ED7}.Release|Any CPU.ActiveCfg = Release|Any CPU
		{94C3236B-1A86-4D2D-9796-576D5E0E0ED7}.Release|Any CPU.Build.0 = Release|Any CPU
		{CEB274B1-305C-47E4-8906-107C97F5182C}.Debug|Any CPU.ActiveCfg = Debug|Any CPU
		{CEB274B1-305C-47E4-8906-107C97F5182C}.Debug|Any CPU.Build.0 = Debug|Any CPU
		{CEB274B1-305C-47E4-8906-107C97F5182C}.Release|Any CPU.ActiveCfg = Release|Any CPU
		{CEB274B1-305C-47E4-8906-107C97F5182C}.Release|Any CPU.Build.0 = Release|Any CPU
		{C5CB46F8-F8FC-4AC4-9B59-53F3AA09E8B3}.Debug|Any CPU.ActiveCfg = Debug|Any CPU
		{C5CB46F8-F8FC-4AC4-9B59-53F3AA09E8B3}.Debug|Any CPU.Build.0 = Debug|Any CPU
		{C5CB46F8-F8FC-4AC4-9B59-53F3AA09E8B3}.Release|Any CPU.ActiveCfg = Release|Any CPU
		{C5CB46F8-F8FC-4AC4-9B59-53F3AA09E8B3}.Release|Any CPU.Build.0 = Release|Any CPU
		{1B2CABE3-B825-4F2A-A597-4B8A1E38CC89}.Debug|Any CPU.ActiveCfg = Debug|Any CPU
		{1B2CABE3-B825-4F2A-A597-4B8A1E38CC89}.Debug|Any CPU.Build.0 = Debug|Any CPU
		{1B2CABE3-B825-4F2A-A597-4B8A1E38CC89}.Release|Any CPU.ActiveCfg = Release|Any CPU
		{1B2CABE3-B825-4F2A-A597-4B8A1E38CC89}.Release|Any CPU.Build.0 = Release|Any CPU
		{5D185DD0-1FF6-4B45-A8BC-FDB8A5472D02}.Debug|Any CPU.ActiveCfg = Debug|Any CPU
		{5D185DD0-1FF6-4B45-A8BC-FDB8A5472D02}.Debug|Any CPU.Build.0 = Debug|Any CPU
		{5D185DD0-1FF6-4B45-A8BC-FDB8A5472D02}.Release|Any CPU.ActiveCfg = Release|Any CPU
		{5D185DD0-1FF6-4B45-A8BC-FDB8A5472D02}.Release|Any CPU.Build.0 = Release|Any CPU
		{D824BB4C-F058-4B68-9FAB-54DE00745FC3}.Debug|Any CPU.ActiveCfg = Debug|Any CPU
		{D824BB4C-F058-4B68-9FAB-54DE00745FC3}.Debug|Any CPU.Build.0 = Debug|Any CPU
		{D824BB4C-F058-4B68-9FAB-54DE00745FC3}.Release|Any CPU.ActiveCfg = Release|Any CPU
		{D824BB4C-F058-4B68-9FAB-54DE00745FC3}.Release|Any CPU.Build.0 = Release|Any CPU
		{E56A3A79-A3A4-4BC6-8CFD-267FAB72F527}.Debug|Any CPU.ActiveCfg = Debug|Any CPU
		{E56A3A79-A3A4-4BC6-8CFD-267FAB72F527}.Debug|Any CPU.Build.0 = Debug|Any CPU
		{E56A3A79-A3A4-4BC6-8CFD-267FAB72F527}.Release|Any CPU.ActiveCfg = Release|Any CPU
		{E56A3A79-A3A4-4BC6-8CFD-267FAB72F527}.Release|Any CPU.Build.0 = Release|Any CPU
		{CA9098E0-E053-4047-BC6C-BB54FE2F2F09}.Debug|Any CPU.ActiveCfg = Debug|Any CPU
		{CA9098E0-E053-4047-BC6C-BB54FE2F2F09}.Debug|Any CPU.Build.0 = Debug|Any CPU
		{CA9098E0-E053-4047-BC6C-BB54FE2F2F09}.Release|Any CPU.ActiveCfg = Release|Any CPU
		{CA9098E0-E053-4047-BC6C-BB54FE2F2F09}.Release|Any CPU.Build.0 = Release|Any CPU
		{89973905-0C70-485F-8420-1C390E538C11}.Debug|Any CPU.ActiveCfg = Debug|Any CPU
		{89973905-0C70-485F-8420-1C390E538C11}.Debug|Any CPU.Build.0 = Debug|Any CPU
		{89973905-0C70-485F-8420-1C390E538C11}.Release|Any CPU.ActiveCfg = Release|Any CPU
		{89973905-0C70-485F-8420-1C390E538C11}.Release|Any CPU.Build.0 = Release|Any CPU
		{7986893C-E948-4CCF-B80E-E2AA4A5B425E}.Debug|Any CPU.ActiveCfg = Debug|Any CPU
		{7986893C-E948-4CCF-B80E-E2AA4A5B425E}.Debug|Any CPU.Build.0 = Debug|Any CPU
		{7986893C-E948-4CCF-B80E-E2AA4A5B425E}.Release|Any CPU.ActiveCfg = Release|Any CPU
		{7986893C-E948-4CCF-B80E-E2AA4A5B425E}.Release|Any CPU.Build.0 = Release|Any CPU
		{8DBB944C-65F0-4735-B9E0-4617544ED4DE}.Debug|Any CPU.ActiveCfg = Debug|Any CPU
		{8DBB944C-65F0-4735-B9E0-4617544ED4DE}.Debug|Any CPU.Build.0 = Debug|Any CPU
		{8DBB944C-65F0-4735-B9E0-4617544ED4DE}.Release|Any CPU.ActiveCfg = Release|Any CPU
		{8DBB944C-65F0-4735-B9E0-4617544ED4DE}.Release|Any CPU.Build.0 = Release|Any CPU
		{30C7D27B-CA00-485F-8ABD-F1B5B5AE50C4}.Debug|Any CPU.ActiveCfg = Debug|Any CPU
		{30C7D27B-CA00-485F-8ABD-F1B5B5AE50C4}.Debug|Any CPU.Build.0 = Debug|Any CPU
		{30C7D27B-CA00-485F-8ABD-F1B5B5AE50C4}.Release|Any CPU.ActiveCfg = Release|Any CPU
		{30C7D27B-CA00-485F-8ABD-F1B5B5AE50C4}.Release|Any CPU.Build.0 = Release|Any CPU
		{4B33C9C9-0F6F-4472-AEB9-58040EBA8AC3}.Debug|Any CPU.ActiveCfg = Debug|Any CPU
		{4B33C9C9-0F6F-4472-AEB9-58040EBA8AC3}.Debug|Any CPU.Build.0 = Debug|Any CPU
		{4B33C9C9-0F6F-4472-AEB9-58040EBA8AC3}.Release|Any CPU.ActiveCfg = Release|Any CPU
		{4B33C9C9-0F6F-4472-AEB9-58040EBA8AC3}.Release|Any CPU.Build.0 = Release|Any CPU
		{93FDE38B-B577-40F3-95D1-7288A69A36A0}.Debug|Any CPU.ActiveCfg = Debug|Any CPU
		{93FDE38B-B577-40F3-95D1-7288A69A36A0}.Debug|Any CPU.Build.0 = Debug|Any CPU
		{93FDE38B-B577-40F3-95D1-7288A69A36A0}.Release|Any CPU.ActiveCfg = Release|Any CPU
		{93FDE38B-B577-40F3-95D1-7288A69A36A0}.Release|Any CPU.Build.0 = Release|Any CPU
	EndGlobalSection
	GlobalSection(SolutionProperties) = preSolution
		HideSolutionNode = FALSE
	EndGlobalSection
	GlobalSection(NestedProjects) = preSolution
		{94C3236B-1A86-4D2D-9796-576D5E0E0ED7} = {5536617D-9F78-416E-A7A7-02DC861D9A3D}
		{CEB274B1-305C-47E4-8906-107C97F5182C} = {CFD87C69-73EB-4F98-AE19-AF5B863A14FE}
		{C5CB46F8-F8FC-4AC4-9B59-53F3AA09E8B3} = {5536617D-9F78-416E-A7A7-02DC861D9A3D}
		{1B2CABE3-B825-4F2A-A597-4B8A1E38CC89} = {AB5383BD-B1E6-40F0-AF19-A444CCBE769B}
		{5D185DD0-1FF6-4B45-A8BC-FDB8A5472D02} = {E98E34D9-4650-49CD-8D33-4C4C18C423E7}
		{D824BB4C-F058-4B68-9FAB-54DE00745FC3} = {5536617D-9F78-416E-A7A7-02DC861D9A3D}
		{E56A3A79-A3A4-4BC6-8CFD-267FAB72F527} = {AB5383BD-B1E6-40F0-AF19-A444CCBE769B}
		{CA9098E0-E053-4047-BC6C-BB54FE2F2F09} = {5536617D-9F78-416E-A7A7-02DC861D9A3D}
		{89973905-0C70-485F-8420-1C390E538C11} = {472F64CE-2248-4969-881C-ABA32CE870B9}
		{7986893C-E948-4CCF-B80E-E2AA4A5B425E} = {AB5383BD-B1E6-40F0-AF19-A444CCBE769B}
		{8DBB944C-65F0-4735-B9E0-4617544ED4DE} = {AB5383BD-B1E6-40F0-AF19-A444CCBE769B}
		{30C7D27B-CA00-485F-8ABD-F1B5B5AE50C4} = {5536617D-9F78-416E-A7A7-02DC861D9A3D}
		{4B33C9C9-0F6F-4472-AEB9-58040EBA8AC3} = {AB5383BD-B1E6-40F0-AF19-A444CCBE769B}
		{93FDE38B-B577-40F3-95D1-7288A69A36A0} = {AB5383BD-B1E6-40F0-AF19-A444CCBE769B}
	EndGlobalSection
	GlobalSection(ExtensibilityGlobals) = postSolution
		SolutionGuid = {D6A34A30-5D65-4622-BB92-A37DE5D89EB2}
	EndGlobalSection
EndGlobal
